
Microsoft Visual Studio Solution File, Format Version 12.00
# Visual Studio Version 16
VisualStudioVersion = 16.0.31702.278
MinimumVisualStudioVersion = 10.0.40219.1
Project("{FAE04EC0-301F-11D3-BF4B-00C04F79EFBC}") = "Намордник", "Намордник\Намордник.csproj", "{876C635F-956C-442E-97E9-69EC1C1F7B6F}"
EndProject
Global
	GlobalSection(SolutionConfigurationPlatforms) = preSolution
		Debug|Any CPU = Debug|Any CPU
		Release|Any CPU = Release|Any CPU
	EndGlobalSection
	GlobalSection(ProjectConfigurationPlatforms) = postSolution
		{876C635F-956C-442E-97E9-69EC1C1F7B6F}.Debug|Any CPU.ActiveCfg = Debug|Any CPU
		{876C635F-956C-442E-97E9-69EC1C1F7B6F}.Debug|Any CPU.Build.0 = Debug|Any CPU
		{876C635F-956C-442E-97E9-69EC1C1F7B6F}.Release|Any CPU.ActiveCfg = Release|Any CPU
		{876C635F-956C-442E-97E9-69EC1C1F7B6F}.Release|Any CPU.Build.0 = Release|Any CPU
	EndGlobalSection
	GlobalSection(SolutionProperties) = preSolution
		HideSolutionNode = FALSE
	EndGlobalSection
	GlobalSection(ExtensibilityGlobals) = postSolution
		SolutionGuid = {B86FE512-1B47-4687-8659-AB55FE2068AF}
	EndGlobalSection
EndGlobal
