
Microsoft Visual Studio Solution File, Format Version 12.00
# Visual Studio Version 16
VisualStudioVersion = 16.0.31702.278
MinimumVisualStudioVersion = 10.0.40219.1
Project("{FAE04EC0-301F-11D3-BF4B-00C04F79EFBC}") = "ShadrinDem", "ShadrinDem\ShadrinDem.csproj", "{E3650B43-F96E-4837-AF9B-CA26CFD3EDAB}"
EndProject
Global
	GlobalSection(SolutionConfigurationPlatforms) = preSolution
		Debug|Any CPU = Debug|Any CPU
		Release|Any CPU = Release|Any CPU
	EndGlobalSection
	GlobalSection(ProjectConfigurationPlatforms) = postSolution
		{E3650B43-F96E-4837-AF9B-CA26CFD3EDAB}.Debug|Any CPU.ActiveCfg = Debug|Any CPU
		{E3650B43-F96E-4837-AF9B-CA26CFD3EDAB}.Debug|Any CPU.Build.0 = Debug|Any CPU
		{E3650B43-F96E-4837-AF9B-CA26CFD3EDAB}.Release|Any CPU.ActiveCfg = Release|Any CPU
		{E3650B43-F96E-4837-AF9B-CA26CFD3EDAB}.Release|Any CPU.Build.0 = Release|Any CPU
	EndGlobalSection
	GlobalSection(SolutionProperties) = preSolution
		HideSolutionNode = FALSE
	EndGlobalSection
	GlobalSection(ExtensibilityGlobals) = postSolution
		SolutionGuid = {EBD54B2C-6DA7-41AE-94FA-12D2A086B567}
	EndGlobalSection
EndGlobal
